
Microsoft Visual Studio Solution File, Format Version 12.00
# Visual Studio Version 16
VisualStudioVersion = 16.0.31729.503
MinimumVisualStudioVersion = 10.0.40219.1
Project("{FAE04EC0-301F-11D3-BF4B-00C04F79EFBC}") = "Orbital", "Orbital\Orbital.csproj", "{95669807-7CE6-4A85-8B1C-8984884C8000}"
EndProject
Global
	GlobalSection(SolutionConfigurationPlatforms) = preSolution
		Debug|Any CPU = Debug|Any CPU
		Release|Any CPU = Release|Any CPU
	EndGlobalSection
	GlobalSection(ProjectConfigurationPlatforms) = postSolution
		{95669807-7CE6-4A85-8B1C-8984884C8000}.Debug|Any CPU.ActiveCfg = Debug|Any CPU
		{95669807-7CE6-4A85-8B1C-8984884C8000}.Debug|Any CPU.Build.0 = Debug|Any CPU
		{95669807-7CE6-4A85-8B1C-8984884C8000}.Release|Any CPU.ActiveCfg = Release|Any CPU
		{95669807-7CE6-4A85-8B1C-8984884C8000}.Release|Any CPU.Build.0 = Release|Any CPU
	EndGlobalSection
	GlobalSection(SolutionProperties) = preSolution
		HideSolutionNode = FALSE
	EndGlobalSection
	GlobalSection(ExtensibilityGlobals) = postSolution
		SolutionGuid = {CF2991CA-79EA-42DF-8ABB-369884112B59}
	EndGlobalSection
EndGlobal
